// !$*UTF8*$!
{
	archiveVersion = 1;
	classes = {
	};
	objectVersion = 50;
	objects = {

/* Begin PBXBuildFile section */
		DFF77CC226CD44C600F00820 /* AppDelegate.swift in Sources */ = {isa = PBXBuildFile; fileRef = DFF77CC126CD44C600F00820 /* AppDelegate.swift */; };
		DFF77CC426CD44C600F00820 /* SceneDelegate.swift in Sources */ = {isa = PBXBuildFile; fileRef = DFF77CC326CD44C600F00820 /* SceneDelegate.swift */; };
		DFF77CC626CD44C600F00820 /* ViewController.swift in Sources */ = {isa = PBXBuildFile; fileRef = DFF77CC526CD44C600F00820 /* ViewController.swift */; };
		DFF77CC926CD44C600F00820 /* Main.storyboard in Resources */ = {isa = PBXBuildFile; fileRef = DFF77CC726CD44C600F00820 /* Main.storyboard */; };
		DFF77CCC26CD44C600F00820 /* jeanjacques_RM81524.xcdatamodeld in Sources */ = {isa = PBXBuildFile; fileRef = DFF77CCA26CD44C600F00820 /* jeanjacques_RM81524.xcdatamodeld */; };
		DFF77CCE26CD44CC00F00820 /* Assets.xcassets in Resources */ = {isa = PBXBuildFile; fileRef = DFF77CCD26CD44CC00F00820 /* Assets.xcassets */; };
		DFF77CD126CD44CC00F00820 /* LaunchScreen.storyboard in Resources */ = {isa = PBXBuildFile; fileRef = DFF77CCF26CD44CC00F00820 /* LaunchScreen.storyboard */; };
		DFF77CD926CD469200F00820 /* PokemonTableViewController.swift in Sources */ = {isa = PBXBuildFile; fileRef = DFF77CD826CD469200F00820 /* PokemonTableViewController.swift */; };
/* End PBXBuildFile section */

/* Begin PBXFileReference section */
		DFF77CBE26CD44C600F00820 /* jeanjacques_RM81524.app */ = {isa = PBXFileReference; explicitFileType = wrapper.application; includeInIndex = 0; path = jeanjacques_RM81524.app; sourceTree = BUILT_PRODUCTS_DIR; };
		DFF77CC126CD44C600F00820 /* AppDelegate.swift */ = {isa = PBXFileReference; lastKnownFileType = sourcecode.swift; path = AppDelegate.swift; sourceTree = "<group>"; };
		DFF77CC326CD44C600F00820 /* SceneDelegate.swift */ = {isa = PBXFileReference; lastKnownFileType = sourcecode.swift; path = SceneDelegate.swift; sourceTree = "<group>"; };
		DFF77CC526CD44C600F00820 /* ViewController.swift */ = {isa = PBXFileReference; lastKnownFileType = sourcecode.swift; path = ViewController.swift; sourceTree = "<group>"; };
		DFF77CC826CD44C600F00820 /* Base */ = {isa = PBXFileReference; lastKnownFileType = file.storyboard; name = Base; path = Base.lproj/Main.storyboard; sourceTree = "<group>"; };
		DFF77CCB26CD44C600F00820 /* jeanjacques_RM81524.xcdatamodel */ = {isa = PBXFileReference; lastKnownFileType = wrapper.xcdatamodel; path = jeanjacques_RM81524.xcdatamodel; sourceTree = "<group>"; };
		DFF77CCD26CD44CC00F00820 /* Assets.xcassets */ = {isa = PBXFileReference; lastKnownFileType = folder.assetcatalog; path = Assets.xcassets; sourceTree = "<group>"; };
		DFF77CD026CD44CC00F00820 /* Base */ = {isa = PBXFileReference; lastKnownFileType = file.storyboard; name = Base; path = Base.lproj/LaunchScreen.storyboard; sourceTree = "<group>"; };
		DFF77CD226CD44CC00F00820 /* Info.plist */ = {isa = PBXFileReference; lastKnownFileType = text.plist.xml; path = Info.plist; sourceTree = "<group>"; };
		DFF77CD826CD469200F00820 /* PokemonTableViewController.swift */ = {isa = PBXFileReference; lastKnownFileType = sourcecode.swift; path = PokemonTableViewController.swift; sourceTree = "<group>"; };
/* End PBXFileReference section */

/* Begin PBXFrameworksBuildPhase section */
		DFF77CBB26CD44C600F00820 /* Frameworks */ = {
			isa = PBXFrameworksBuildPhase;
			buildActionMask = 2147483647;
			files = (
			);
			runOnlyForDeploymentPostprocessing = 0;
		};
/* End PBXFrameworksBuildPhase section */

/* Begin PBXGroup section */
		DFF77CB526CD44C600F00820 = {
			isa = PBXGroup;
			children = (
				DFF77CC026CD44C600F00820 /* jeanjacques_RM81524 */,
				DFF77CBF26CD44C600F00820 /* Products */,
			);
			sourceTree = "<group>";
		};
		DFF77CBF26CD44C600F00820 /* Products */ = {
			isa = PBXGroup;
			children = (
				DFF77CBE26CD44C600F00820 /* jeanjacques_RM81524.app */,
			);
			name = Products;
			sourceTree = "<group>";
		};
		DFF77CC026CD44C600F00820 /* jeanjacques_RM81524 */ = {
			isa = PBXGroup;
			children = (
				DFF77CC126CD44C600F00820 /* AppDelegate.swift */,
				DFF77CC326CD44C600F00820 /* SceneDelegate.swift */,
				DFF77CC526CD44C600F00820 /* ViewController.swift */,
				DFF77CC726CD44C600F00820 /* Main.storyboard */,
				DFF77CD826CD469200F00820 /* PokemonTableViewController.swift */,
				DFF77CCD26CD44CC00F00820 /* Assets.xcassets */,
				DFF77CCF26CD44CC00F00820 /* LaunchScreen.storyboard */,
				DFF77CD226CD44CC00F00820 /* Info.plist */,
				DFF77CCA26CD44C600F00820 /* jeanjacques_RM81524.xcdatamodeld */,
			);
			path = jeanjacques_RM81524;
			sourceTree = "<group>";
		};
/* End PBXGroup section */

/* Begin PBXNativeTarget section */
		DFF77CBD26CD44C600F00820 /* jeanjacques_RM81524 */ = {
			isa = PBXNativeTarget;
			buildConfigurationList = DFF77CD526CD44CC00F00820 /* Build configuration list for PBXNativeTarget "jeanjacques_RM81524" */;
			buildPhases = (
				DFF77CBA26CD44C600F00820 /* Sources */,
				DFF77CBB26CD44C600F00820 /* Frameworks */,
				DFF77CBC26CD44C600F00820 /* Resources */,
			);
			buildRules = (
			);
			dependencies = (
			);
			name = jeanjacques_RM81524;
			productName = jeanjacques_RM81524;
			productReference = DFF77CBE26CD44C600F00820 /* jeanjacques_RM81524.app */;
			productType = "com.apple.product-type.application";
		};
/* End PBXNativeTarget section */

/* Begin PBXProject section */
		DFF77CB626CD44C600F00820 /* Project object */ = {
			isa = PBXProject;
			attributes = {
				LastSwiftUpdateCheck = 1250;
				LastUpgradeCheck = 1250;
				TargetAttributes = {
					DFF77CBD26CD44C600F00820 = {
						CreatedOnToolsVersion = 12.5.1;
					};
				};
			};
			buildConfigurationList = DFF77CB926CD44C600F00820 /* Build configuration list for PBXProject "jeanjacques_RM81524" */;
			compatibilityVersion = "Xcode 9.3";
			developmentRegion = en;
			hasScannedForEncodings = 0;
			knownRegions = (
				en,
				Base,
			);
			mainGroup = DFF77CB526CD44C600F00820;
			productRefGroup = DFF77CBF26CD44C600F00820 /* Products */;
			projectDirPath = "";
			projectRoot = "";
			targets = (
				DFF77CBD26CD44C600F00820 /* jeanjacques_RM81524 */,
			);
		};
/* End PBXProject section */

/* Begin PBXResourcesBuildPhase section */
		DFF77CBC26CD44C600F00820 /* Resources */ = {
			isa = PBXResourcesBuildPhase;
			buildActionMask = 2147483647;
			files = (
				DFF77CD126CD44CC00F00820 /* LaunchScreen.storyboard in Resources */,
				DFF77CCE26CD44CC00F00820 /* Assets.xcassets in Resources */,
				DFF77CC926CD44C600F00820 /* Main.storyboard in Resources */,
			);
			runOnlyForDeploymentPostprocessing = 0;
		};
/* End PBXResourcesBuildPhase section */

/* Begin PBXSourcesBuildPhase section */
		DFF77CBA26CD44C600F00820 /* Sources */ = {
			isa = PBXSourcesBuildPhase;
			buildActionMask = 2147483647;
			files = (
				DFF77CCC26CD44C600F00820 /* jeanjacques_RM81524.xcdatamodeld in Sources */,
				DFF77CC626CD44C600F00820 /* ViewController.swift in Sources */,
				DFF77CD926CD469200F00820 /* PokemonTableViewController.swift in Sources */,
				DFF77CC226CD44C600F00820 /* AppDelegate.swift in Sources */,
				DFF77CC426CD44C600F00820 /* SceneDelegate.swift in Sources */,
			);
			runOnlyForDeploymentPostprocessing = 0;
		};
/* End PBXSourcesBuildPhase section */

/* Begin PBXVariantGroup section */
		DFF77CC726CD44C600F00820 /* Main.storyboard */ = {
			isa = PBXVariantGroup;
			children = (
				DFF77CC826CD44C600F00820 /* Base */,
			);
			name = Main.storyboard;
			sourceTree = "<group>";
		};
		DFF77CCF26CD44CC00F00820 /* LaunchScreen.storyboard */ = {
			isa = PBXVariantGroup;
			children = (
				DFF77CD026CD44CC00F00820 /* Base */,
			);
			name = LaunchScreen.storyboard;
			sourceTree = "<group>";
		};
/* End PBXVariantGroup section */

/* Begin XCBuildConfiguration section */
		DFF77CD326CD44CC00F00820 /* Debug */ = {
			isa = XCBuildConfiguration;
			buildSettings = {
				ALWAYS_SEARCH_USER_PATHS = NO;
				CLANG_ANALYZER_NONNULL = YES;
				CLANG_ANALYZER_NUMBER_OBJECT_CONVERSION = YES_AGGRESSIVE;
				CLANG_CXX_LANGUAGE_STANDARD = "gnu++14";
				CLANG_CXX_LIBRARY = "libc++";
				CLANG_ENABLE_MODULES = YES;
				CLANG_ENABLE_OBJC_ARC = YES;
				CLANG_ENABLE_OBJC_WEAK = YES;
				CLANG_WARN_BLOCK_CAPTURE_AUTORELEASING = YES;
				CLANG_WARN_BOOL_CONVERSION = YES;
				CLANG_WARN_COMMA = YES;
				CLANG_WARN_CONSTANT_CONVERSION = YES;
				CLANG_WARN_DEPRECATED_OBJC_IMPLEMENTATIONS = YES;
				CLANG_WARN_DIRECT_OBJC_ISA_USAGE = YES_ERROR;
				CLANG_WARN_DOCUMENTATION_COMMENTS = YES;
				CLANG_WARN_EMPTY_BODY = YES;
				CLANG_WARN_ENUM_CONVERSION = YES;
				CLANG_WARN_INFINITE_RECURSION = YES;
				CLANG_WARN_INT_CONVERSION = YES;
				CLANG_WARN_NON_LITERAL_NULL_CONVERSION = YES;
				CLANG_WARN_OBJC_IMPLICIT_RETAIN_SELF = YES;
				CLANG_WARN_OBJC_LITERAL_CONVERSION = YES;
				CLANG_WARN_OBJC_ROOT_CLASS = YES_ERROR;
				CLANG_WARN_QUOTED_INCLUDE_IN_FRAMEWORK_HEADER = YES;
				CLANG_WARN_RANGE_LOOP_ANALYSIS = YES;
				CLANG_WARN_STRICT_PROTOTYPES = YES;
				CLANG_WARN_SUSPICIOUS_MOVE = YES;
				CLANG_WARN_UNGUARDED_AVAILABILITY = YES_AGGRESSIVE;
				CLANG_WARN_UNREACHABLE_CODE = YES;
				CLANG_WARN__DUPLICATE_METHOD_MATCH = YES;
				COPY_PHASE_STRIP = NO;
				DEBUG_INFORMATION_FORMAT = dwarf;
				ENABLE_STRICT_OBJC_MSGSEND = YES;
				ENABLE_TESTABILITY = YES;
				GCC_C_LANGUAGE_STANDARD = gnu11;
				GCC_DYNAMIC_NO_PIC = NO;
				GCC_NO_COMMON_BLOCKS = YES;
				GCC_OPTIMIZATION_LEVEL = 0;
				GCC_PREPROCESSOR_DEFINITIONS = (
					"DEBUG=1",
					"$(inherited)",
				);
				GCC_WARN_64_TO_32_BIT_CONVERSION = YES;
				GCC_WARN_ABOUT_RETURN_TYPE = YES_ERROR;
				GCC_WARN_UNDECLARED_SELECTOR = YES;
				GCC_WARN_UNINITIALIZED_AUTOS = YES_AGGRESSIVE;
				GCC_WARN_UNUSED_FUNCTION = YES;
				GCC_WARN_UNUSED_VARIABLE = YES;
				IPHONEOS_DEPLOYMENT_TARGET = 14.5;
				MTL_ENABLE_DEBUG_INFO = INCLUDE_SOURCE;
				MTL_FAST_MATH = YES;
				ONLY_ACTIVE_ARCH = YES;
				SDKROOT = iphoneos;
				SWIFT_ACTIVE_COMPILATION_CONDITIONS = DEBUG;
				SWIFT_OPTIMIZATION_LEVEL = "-Onone";
			};
			name = Debug;
		};
		DFF77CD426CD44CC00F00820 /* Release */ = {
			isa = XCBuildConfiguration;
			buildSettings = {
				ALWAYS_SEARCH_USER_PATHS = NO;
				CLANG_ANALYZER_NONNULL = YES;
				CLANG_ANALYZER_NUMBER_OBJECT_CONVERSION = YES_AGGRESSIVE;
				CLANG_CXX_LANGUAGE_STANDARD = "gnu++14";
				CLANG_CXX_LIBRARY = "libc++";
				CLANG_ENABLE_MODULES = YES;
				CLANG_ENABLE_OBJC_ARC = YES;
				CLANG_ENABLE_OBJC_WEAK = YES;
				CLANG_WARN_BLOCK_CAPTURE_AUTORELEASING = YES;
				CLANG_WARN_BOOL_CONVERSION = YES;
				CLANG_WARN_COMMA = YES;
				CLANG_WARN_CONSTANT_CONVERSION = YES;
				CLANG_WARN_DEPRECATED_OBJC_IMPLEMENTATIONS = YES;
				CLANG_WARN_DIRECT_OBJC_ISA_USAGE = YES_ERROR;
				CLANG_WARN_DOCUMENTATION_COMMENTS = YES;
				CLANG_WARN_EMPTY_BODY = YES;
				CLANG_WARN_ENUM_CONVERSION = YES;
				CLANG_WARN_INFINITE_RECURSION = YES;
				CLANG_WARN_INT_CONVERSION = YES;
				CLANG_WARN_NON_LITERAL_NULL_CONVERSION = YES;
				CLANG_WARN_OBJC_IMPLICIT_RETAIN_SELF = YES;
				CLANG_WARN_OBJC_LITERAL_CONVERSION = YES;
				CLANG_WARN_OBJC_ROOT_CLASS = YES_ERROR;
				CLANG_WARN_QUOTED_INCLUDE_IN_FRAMEWORK_HEADER = YES;
				CLANG_WARN_RANGE_LOOP_ANALYSIS = YES;
				CLANG_WARN_STRICT_PROTOTYPES = YES;
				CLANG_WARN_SUSPICIOUS_MOVE = YES;
				CLANG_WARN_UNGUARDED_AVAILABILITY = YES_AGGRESSIVE;
				CLANG_WARN_UNREACHABLE_CODE = YES;
				CLANG_WARN__DUPLICATE_METHOD_MATCH = YES;
				COPY_PHASE_STRIP = NO;
				DEBUG_INFORMATION_FORMAT = "dwarf-with-dsym";
				ENABLE_NS_ASSERTIONS = NO;
				ENABLE_STRICT_OBJC_MSGSEND = YES;
				GCC_C_LANGUAGE_STANDARD = gnu11;
				GCC_NO_COMMON_BLOCKS = YES;
				GCC_WARN_64_TO_32_BIT_CONVERSION = YES;
				GCC_WARN_ABOUT_RETURN_TYPE = YES_ERROR;
				GCC_WARN_UNDECLARED_SELECTOR = YES;
				GCC_WARN_UNINITIALIZED_AUTOS = YES_AGGRESSIVE;
				GCC_WARN_UNUSED_FUNCTION = YES;
				GCC_WARN_UNUSED_VARIABLE = YES;
				IPHONEOS_DEPLOYMENT_TARGET = 14.5;
				MTL_ENABLE_DEBUG_INFO = NO;
				MTL_FAST_MATH = YES;
				SDKROOT = iphoneos;
				SWIFT_COMPILATION_MODE = wholemodule;
				SWIFT_OPTIMIZATION_LEVEL = "-O";
				VALIDATE_PRODUCT = YES;
			};
			name = Release;
		};
		DFF77CD626CD44CC00F00820 /* Debug */ = {
			isa = XCBuildConfiguration;
			buildSettings = {
				ASSETCATALOG_COMPILER_APPICON_NAME = AppIcon;
				ASSETCATALOG_COMPILER_GLOBAL_ACCENT_COLOR_NAME = AccentColor;
				CODE_SIGN_STYLE = Automatic;
				INFOPLIST_FILE = jeanjacques_RM81524/Info.plist;
				LD_RUNPATH_SEARCH_PATHS = (
					"$(inherited)",
					"@executable_path/Frameworks",
				);
				PRODUCT_BUNDLE_IDENTIFIER = "br.com.fiap.jeanjacques-RM81524";
				PRODUCT_NAME = "$(TARGET_NAME)";
				SWIFT_VERSION = 5.0;
				TARGETED_DEVICE_FAMILY = "1,2";
			};
			name = Debug;
		};
		DFF77CD726CD44CC00F00820 /* Release */ = {
			isa = XCBuildConfiguration;
			buildSettings = {
				ASSETCATALOG_COMPILER_APPICON_NAME = AppIcon;
				ASSETCATALOG_COMPILER_GLOBAL_ACCENT_COLOR_NAME = AccentColor;
				CODE_SIGN_STYLE = Automatic;
				INFOPLIST_FILE = jeanjacques_RM81524/Info.plist;
				LD_RUNPATH_SEARCH_PATHS = (
					"$(inherited)",
					"@executable_path/Frameworks",
				);
				PRODUCT_BUNDLE_IDENTIFIER = "br.com.fiap.jeanjacques-RM81524";
				PRODUCT_NAME = "$(TARGET_NAME)";
				SWIFT_VERSION = 5.0;
				TARGETED_DEVICE_FAMILY = "1,2";
			};
			name = Release;
		};
/* End XCBuildConfiguration section */

/* Begin XCConfigurationList section */
		DFF77CB926CD44C600F00820 /* Build configuration list for PBXProject "jeanjacques_RM81524" */ = {
			isa = XCConfigurationList;
			buildConfigurations = (
				DFF77CD326CD44CC00F00820 /* Debug */,
				DFF77CD426CD44CC00F00820 /* Release */,
			);
			defaultConfigurationIsVisible = 0;
			defaultConfigurationName = Release;
		};
		DFF77CD526CD44CC00F00820 /* Build configuration list for PBXNativeTarget "jeanjacques_RM81524" */ = {
			isa = XCConfigurationList;
			buildConfigurations = (
				DFF77CD626CD44CC00F00820 /* Debug */,
				DFF77CD726CD44CC00F00820 /* Release */,
			);
			defaultConfigurationIsVisible = 0;
			defaultConfigurationName = Release;
		};
/* End XCConfigurationList section */

/* Begin XCVersionGroup section */
		DFF77CCA26CD44C600F00820 /* jeanjacques_RM81524.xcdatamodeld */ = {
			isa = XCVersionGroup;
			children = (
				DFF77CCB26CD44C600F00820 /* jeanjacques_RM81524.xcdatamodel */,
			);
			currentVersion = DFF77CCB26CD44C600F00820 /* jeanjacques_RM81524.xcdatamodel */;
			path = jeanjacques_RM81524.xcdatamodeld;
			sourceTree = "<group>";
			versionGroupType = wrapper.xcdatamodel;
		};
/* End XCVersionGroup section */
	};
	rootObject = DFF77CB626CD44C600F00820 /* Project object */;
}
